
Microsoft Visual Studio Solution File, Format Version 12.00
# Visual Studio Version 17
VisualStudioVersion = 17.14.36301.6
MinimumVisualStudioVersion = 10.0.40219.1
Project("{FAE04EC0-301F-11D3-BF4B-00C04F79EFBC}") = "FTOptixNetPlugin.Extensions", "FTOptixNetPlugin.Extensions\FTOptixNetPlugin.Extensions.csproj", "{3A1CE03E-3154-4928-AE86-0F01470075F8}"
EndProject
Project("{FAE04EC0-301F-11D3-BF4B-00C04F79EFBC}") = "FTOptixNetPlugin.Tools", "FTOptixNetPlugin.Tools\FTOptixNetPlugin.Tools.csproj", "{1F4E061D-E565-4425-914F-BF3715EFC362}"
EndProject
Project("{2150E333-8FDC-42A3-9474-1A3956D46DE8}") = "Solution Items", "Solution Items", "{8EC462FD-D22E-90A8-E5CE-7E832BA40C5D}"
	ProjectSection(SolutionItems) = preProject
		README.md = README.md
	EndProjectSection
EndProject
Project("{FAE04EC0-301F-11D3-BF4B-00C04F79EFBC}") = "FTOptixNetPlugin.IPP", "FTOptixNetPlugin.IPP\FTOptixNetPlugin.IPP.csproj", "{8434FC3A-796A-47D4-88EC-5337B6A53B76}"
EndProject
Project("{FAE04EC0-301F-11D3-BF4B-00C04F79EFBC}") = "SampleCode", "SampleCode\SampleCode.csproj", "{8118B973-1EEC-4C86-B9AA-48BFC84F4F2D}"
EndProject
Project("{FAE04EC0-301F-11D3-BF4B-00C04F79EFBC}") = "FTOptixNetPlugin.NetServer", "FTOptixNetPlugin.NetServer\FTOptixNetPlugin.NetServer.csproj", "{759E7AA3-22CC-42B7-AB5A-29AA0D1C3819}"
EndProject
Global
	GlobalSection(SolutionConfigurationPlatforms) = preSolution
		Debug|Any CPU = Debug|Any CPU
		Release|Any CPU = Release|Any CPU
	EndGlobalSection
	GlobalSection(ProjectConfigurationPlatforms) = postSolution
		{3A1CE03E-3154-4928-AE86-0F01470075F8}.Debug|Any CPU.ActiveCfg = Debug|Any CPU
		{3A1CE03E-3154-4928-AE86-0F01470075F8}.Debug|Any CPU.Build.0 = Debug|Any CPU
		{3A1CE03E-3154-4928-AE86-0F01470075F8}.Release|Any CPU.ActiveCfg = Release|Any CPU
		{3A1CE03E-3154-4928-AE86-0F01470075F8}.Release|Any CPU.Build.0 = Release|Any CPU
		{1F4E061D-E565-4425-914F-BF3715EFC362}.Debug|Any CPU.ActiveCfg = Debug|Any CPU
		{1F4E061D-E565-4425-914F-BF3715EFC362}.Debug|Any CPU.Build.0 = Debug|Any CPU
		{1F4E061D-E565-4425-914F-BF3715EFC362}.Release|Any CPU.ActiveCfg = Release|Any CPU
		{1F4E061D-E565-4425-914F-BF3715EFC362}.Release|Any CPU.Build.0 = Release|Any CPU
		{8434FC3A-796A-47D4-88EC-5337B6A53B76}.Debug|Any CPU.ActiveCfg = Debug|Any CPU
		{8434FC3A-796A-47D4-88EC-5337B6A53B76}.Debug|Any CPU.Build.0 = Debug|Any CPU
		{8434FC3A-796A-47D4-88EC-5337B6A53B76}.Release|Any CPU.ActiveCfg = Release|Any CPU
		{8434FC3A-796A-47D4-88EC-5337B6A53B76}.Release|Any CPU.Build.0 = Release|Any CPU
		{8118B973-1EEC-4C86-B9AA-48BFC84F4F2D}.Debug|Any CPU.ActiveCfg = Debug|Any CPU
		{8118B973-1EEC-4C86-B9AA-48BFC84F4F2D}.Debug|Any CPU.Build.0 = Debug|Any CPU
		{8118B973-1EEC-4C86-B9AA-48BFC84F4F2D}.Release|Any CPU.ActiveCfg = Release|Any CPU
		{8118B973-1EEC-4C86-B9AA-48BFC84F4F2D}.Release|Any CPU.Build.0 = Release|Any CPU
		{759E7AA3-22CC-42B7-AB5A-29AA0D1C3819}.Debug|Any CPU.ActiveCfg = Debug|Any CPU
		{759E7AA3-22CC-42B7-AB5A-29AA0D1C3819}.Debug|Any CPU.Build.0 = Debug|Any CPU
		{759E7AA3-22CC-42B7-AB5A-29AA0D1C3819}.Release|Any CPU.ActiveCfg = Release|Any CPU
		{759E7AA3-22CC-42B7-AB5A-29AA0D1C3819}.Release|Any CPU.Build.0 = Release|Any CPU
	EndGlobalSection
	GlobalSection(SolutionProperties) = preSolution
		HideSolutionNode = FALSE
	EndGlobalSection
	GlobalSection(ExtensibilityGlobals) = postSolution
		SolutionGuid = {2B7E7C70-6E90-4B14-A452-7336B705386B}
	EndGlobalSection
EndGlobal
